PODS:
  - Alamofire (4.9.1)
  - Cosmos (22.1.0)
  - Down (0.11.0)
  - iosMath (0.9.4)
  - Kingfisher (5.15.8):
    - Kingfisher/Core (= 5.15.8)
  - Kingfisher/Core (5.15.8)
  - KingfisherWebP (1.0.0):
    - Kingfisher (~> 5.8)
    - libwebp (>= 0.5.0)
  - libwebp (1.2.0):
    - libwebp/demux (= 1.2.0)
    - libwebp/mux (= 1.2.0)
    - libwebp/webp (= 1.2.0)
  - libwebp/demux (1.2.0):
    - libwebp/webp
  - libwebp/mux (1.2.0):
    - libwebp/demux
  - libwebp/webp (1.2.0)
  - RichTextView (3.0.0):
    - Down
    - iosMath
    - SnapKit
  - SnapKit (5.0.1)
  - YDB2WAssets (1.4.1)
  - YDB2WComponents (1.4.4):
    - Cosmos
    - YDB2WAssets (~> 1.4.0)
    - YDB2WModels (~> 1.4.0)
    - YDExtensions (~> 1.4.0)
    - YDUtilities (~> 1.4.0)
  - YDB2WIntegration (1.4.2):
    - YDB2WModels (~> 1.4.0)
    - YDExtensions (~> 1.4.0)
  - YDB2WModels (1.4.6):
    - YDExtensions (~> 1.4.0)
    - YDUtilities (~> 1.4.0)
  - YDB2WServices (1.4.1):
    - Alamofire (~> 4.0)
    - YDB2WIntegration (~> 1.4.0)
    - YDB2WModels (~> 1.4.0)
  - YDExtensions (1.4.1):
    - Kingfisher (~> 5.0)
    - KingfisherWebP (= 1.0.0)
  - YDUtilities (1.4.0):
    - Alamofire (~> 4.0)

DEPENDENCIES:
  - Cosmos (= 22.1.0)
  - RichTextView (= 3.0.0)
  - YDB2WAssets (~> 1.4.0)
  - YDB2WComponents (~> 1.4.0)
  - YDB2WModels (~> 1.4.0)
  - YDB2WServices (~> 1.4.0)
  - YDExtensions (~> 1.4.0)
  - YDUtilities (~> 1.4.0)

SPEC REPOS:
  "git@github.com:Hennrich-Your-Dev/YourDev-Pods.git":
    - YDB2WAssets
    - YDB2WComponents
    - YDB2WIntegration
    - YDB2WModels
    - YDB2WServices
    - YDExtensions
    - YDUtilities
  trunk:
    - Alamofire
    - Cosmos
    - Down
    - iosMath
    - Kingfisher
    - KingfisherWebP
    - libwebp
    - RichTextView
    - SnapKit

SPEC CHECKSUMS:
  Alamofire: 85e8a02c69d6020a0d734f6054870d7ecb75cf18
  Cosmos: 2795b36ad4bbea1af3050d6d65576ed63875f86a
  Down: b6ba1bc985c9d2f4e15e3b293d2207766fa12612
  iosMath: f7a6cbadf9d836d2149c2a84c435b1effc244cba
  Kingfisher: a3c03d702433fa6cfedabb2bddbe076fb8f2e902
  KingfisherWebP: b1ed1dbc5e52547c5bf5f583dd5c46346f97320f
  libwebp: e90b9c01d99205d03b6bb8f2c8c415e5a4ef66f0
  RichTextView: 9a36e8a8661e2674f4b5309ed443c9d34fb8698e
  SnapKit: 97b92857e3df3a0c71833cce143274bf6ef8e5eb
  YDB2WAssets: 2acd01ef567f7c71ee6c645a05510c1e6aa19858
  YDB2WComponents: dca07c89afb9bd2f68faeaaf25964f24e4ba98dc
  YDB2WIntegration: 52b4cb671c03a8ac7d2e1c4c517343e08653b422
  YDB2WModels: d491c77558684de611eb4497c35b7bd0a055bd03
  YDB2WServices: 7b50b06bcf5f155597d7c2451fa601c5c8b99c39
  YDExtensions: d34235ddf61f03d535203c85f687dca45871a8b2
  YDUtilities: 3a3b74ce2194b381c826977f7dd144d5a7f396c7

PODFILE CHECKSUM: 41ea7d63015b8874eecbd3d0e2c58bc824a0fb47

COCOAPODS: 1.10.1
