PODS:
  - Alamofire (4.9.1)
  - Cosmos (22.1.0)
  - Kingfisher (5.15.8):
    - Kingfisher/Core (= 5.15.8)
  - Kingfisher/Core (5.15.8)
  - KingfisherWebP (1.0.0):
    - Kingfisher (~> 5.8)
    - libwebp (>= 0.5.0)
  - libwebp (1.2.0):
    - libwebp/demux (= 1.2.0)
    - libwebp/mux (= 1.2.0)
    - libwebp/webp (= 1.2.0)
  - libwebp/demux (1.2.0):
    - libwebp/webp
  - libwebp/mux (1.2.0):
    - libwebp/demux
  - libwebp/webp (1.2.0)
  - YDB2WAssets (1.4.0)
  - YDB2WComponents (1.4.1):
    - Cosmos
    - YDB2WAssets (~> 1.4.0)
    - YDB2WModels (~> 1.4.0)
    - YDExtensions (~> 1.4.0)
    - YDUtilities (~> 1.4.0)
  - YDB2WIntegration (1.4.1):
    - YDB2WModels (~> 1.4.0)
    - YDExtensions (~> 1.4.0)
  - YDB2WModels (1.4.2):
    - YDExtensions (~> 1.4.0)
    - YDUtilities (~> 1.4.0)
  - YDB2WServices (1.4.0):
    - Alamofire (~> 4.0)
    - YDB2WIntegration (~> 1.4.0)
    - YDB2WModels (~> 1.4.0)
  - YDExtensions (1.4.0):
    - Kingfisher (~> 5.0)
    - KingfisherWebP (= 1.0.0)
  - YDUtilities (1.4.0):
    - Alamofire (~> 4.0)

DEPENDENCIES:
  - Cosmos (= 22.1.0)
  - YDB2WAssets (~> 1.4.0)
  - YDB2WComponents (~> 1.4.0)
  - YDB2WModels (~> 1.4.0)
  - YDB2WServices (~> 1.4.0)
  - YDExtensions (~> 1.4.0)
  - YDUtilities (~> 1.4.0)

SPEC REPOS:
  "git@github.com:Hennrich-Your-Dev/YourDev-Pods.git":
    - YDB2WAssets
    - YDB2WComponents
    - YDB2WIntegration
    - YDB2WModels
    - YDB2WServices
    - YDExtensions
    - YDUtilities
  trunk:
    - Alamofire
    - Cosmos
    - Kingfisher
    - KingfisherWebP
    - libwebp

SPEC CHECKSUMS:
  Alamofire: 85e8a02c69d6020a0d734f6054870d7ecb75cf18
  Cosmos: 2795b36ad4bbea1af3050d6d65576ed63875f86a
  Kingfisher: a3c03d702433fa6cfedabb2bddbe076fb8f2e902
  KingfisherWebP: b1ed1dbc5e52547c5bf5f583dd5c46346f97320f
  libwebp: e90b9c01d99205d03b6bb8f2c8c415e5a4ef66f0
  YDB2WAssets: 193fe0067aad36f0f301b13e14a202f95eb9f62b
  YDB2WComponents: a9e85bdd758836eef0d808ce2d011a60aa19b192
  YDB2WIntegration: 96472c90d5d214c711dfb5acd08e207044bfad89
  YDB2WModels: f074063359846a0033a1ea09fed3f5ff7cddb1c7
  YDB2WServices: 8438c33b5dafa87a84293477f64b11483260d8c5
  YDExtensions: d2db8d24ca8bba7833f8dfed0d32a743c7a68f36
  YDUtilities: 3a3b74ce2194b381c826977f7dd144d5a7f396c7

PODFILE CHECKSUM: 3f1ab04e870ee1e340b566369586de3f6e5c08cb

COCOAPODS: 1.10.1
