PODS:
  - Alamofire (4.9.1)
  - Kingfisher (5.15.8):
    - Kingfisher/Core (= 5.15.8)
  - Kingfisher/Core (5.15.8)
  - KingfisherWebP (1.0.0):
    - Kingfisher (~> 5.8)
    - libwebp (>= 0.5.0)
  - libwebp (1.2.0):
    - libwebp/demux (= 1.2.0)
    - libwebp/mux (= 1.2.0)
    - libwebp/webp (= 1.2.0)
  - libwebp/demux (1.2.0):
    - libwebp/webp
  - libwebp/mux (1.2.0):
    - libwebp/demux
  - libwebp/webp (1.2.0)
  - YDB2WIntegration (1.1.12):
    - YDB2WModels (~> 1.1.0)
    - YDExtensions (~> 1.0.0)
  - YDB2WModels (1.1.32):
    - YDExtensions (~> 1.0.42)
    - YDUtilities (~> 1.1.0)
  - YDB2WServices (1.1.10):
    - Alamofire (~> 4.0)
    - YDB2WIntegration (~> 1.1.0)
    - YDB2WModels (~> 1.1.0)
  - YDExtensions (1.0.57):
    - Kingfisher (~> 5.0)
    - KingfisherWebP (= 1.0.0)
  - YDUtilities (1.1.1):
    - Alamofire (~> 4.0)

DEPENDENCIES:
  - YDB2WModels (~> 1.1.0)
  - YDB2WServices (~> 1.1.0)
  - YDExtensions (~> 1.0.42)
  - YDUtilities (~> 1.1.0)

SPEC REPOS:
  "git@github.com:Hennrich-Your-Dev/YourDev-Pods.git":
    - YDB2WIntegration
    - YDB2WModels
    - YDB2WServices
    - YDExtensions
    - YDUtilities
  trunk:
    - Alamofire
    - Kingfisher
    - KingfisherWebP
    - libwebp

SPEC CHECKSUMS:
  Alamofire: 85e8a02c69d6020a0d734f6054870d7ecb75cf18
  Kingfisher: a3c03d702433fa6cfedabb2bddbe076fb8f2e902
  KingfisherWebP: b1ed1dbc5e52547c5bf5f583dd5c46346f97320f
  libwebp: e90b9c01d99205d03b6bb8f2c8c415e5a4ef66f0
  YDB2WIntegration: 6f9e71f693de2a0c971f97a58dcd133ff38909d1
  YDB2WModels: d775670279400a5578b269351b66db774f5e0717
  YDB2WServices: e2d4885e85f0bf786c170a7a0e46e9da39ab886d
  YDExtensions: b98777449d2fa55b93e37dee904c7a2561db5824
  YDUtilities: 3085ab9236e8f51b4418092976dca1cfdc86f69d

PODFILE CHECKSUM: 016c16079a4e436bd652f7808fa6f8b8c16a991b

COCOAPODS: 1.10.1
